<?xml version="1.0" encoding="utf-8"?>
<Project ToolsVersion="4.0" xmlns="http://schemas.microsoft.com/developer/msbuild/2003">
  <ItemGroup>
    <Filter Include="Source Files">
      <UniqueIdentifier>{4FC737F1-C7A5-4376-A066-2A32D752A2FF}</UniqueIdentifier>
      <Extensions>cpp;c;cc;cxx;c++;cppm;ixx;def;odl;idl;hpj;bat;asm;asmx</Extensions>
    </Filter>
    <Filter Include="Header Files">
      <UniqueIdentifier>{93995380-89BD-4b04-88EB-625FBE52EBFB}</UniqueIdentifier>
      <Extensions>h;hh;hpp;hxx;h++;hm;inl;inc;ipp;xsd</Extensions>
    </Filter>
    <Filter Include="Resource Files">
      <UniqueIdentifier>{67DA6AB6-F800-4c08-8B7A-83BB121AAD01}</UniqueIdentifier>
      <Extensions>rc;ico;cur;bmp;dlg;rc2;rct;bin;rgs;gif;jpg;jpeg;jpe;resx;tiff;tif;png;wav;mfcribbon-ms</Extensions>
    </Filter>
    <Filter Include="Header Files\Core">
      <UniqueIdentifier>{0fd69914-5eb6-419a-a3d8-a969e78d5168}</UniqueIdentifier>
    </Filter>
    <Filter Include="Source Files\Core">
      <UniqueIdentifier>{1bb107e0-51cb-4573-83f5-bdb3942b0e9e}</UniqueIdentifier>
    </Filter>
    <Filter Include="Header Files\Mine">
      <UniqueIdentifier>{a89c45a8-5c17-499e-b0d9-c1a726674e2e}</UniqueIdentifier>
    </Filter>
    <Filter Include="Source Files\Mine">
      <UniqueIdentifier>{bbcb2d81-2d5f-46a1-86a1-c4ba7b9c1439}</UniqueIdentifier>
    </Filter>
    <Filter Include="Resource Files\Shaders">
      <UniqueIdentifier>{5d6dfbe4-335b-4150-8bfc-6305c628f346}</UniqueIdentifier>
    </Filter>
    <Filter Include="Resource Files\Shaders\Mine">
      <UniqueIdentifier>{7178882d-334d-474a-bbc3-9c981a02f143}</UniqueIdentifier>
    </Filter>
  </ItemGroup>
  <ItemGroup>
    <ClCompile Include="RawEngine.cpp">
      <Filter>Source Files</Filter>
    </ClCompile>
    <ClCompile Include="core\assimpLoader.cpp">
      <Filter>Source Files\Core</Filter>
    </ClCompile>
    <ClCompile Include="core\mesh.cpp">
      <Filter>Source Files\Core</Filter>
    </ClCompile>
    <ClCompile Include="core\model.cpp">
      <Filter>Source Files\Core</Filter>
    </ClCompile>
    <ClCompile Include="core\texture.cpp">
      <Filter>Source Files\Core</Filter>
    </ClCompile>
    <ClCompile Include="Camera.cpp">
      <Filter>Source Files\Mine</Filter>
    </ClCompile>
    <ClCompile Include="Light.cpp">
      <Filter>Source Files\Mine</Filter>
    </ClCompile>
    <ClCompile Include="Scene.cpp">
      <Filter>Source Files\Mine</Filter>
    </ClCompile>
    <ClCompile Include="SceneManager.cpp">
      <Filter>Source Files\Mine</Filter>
    </ClCompile>
    <ClCompile Include="GameObject.cpp">
      <Filter>Source Files\Mine</Filter>
    </ClCompile>
    <ClCompile Include="PostProcessing.cpp">
      <Filter>Source Files\Mine</Filter>
    </ClCompile>
    <ClCompile Include="DefaultPrograms.cpp">
      <Filter>Source Files\Mine</Filter>
    </ClCompile>
  </ItemGroup>
  <ItemGroup>
    <ClInclude Include="core\assimpLoader.h">
      <Filter>Header Files\Core</Filter>
    </ClInclude>
    <ClInclude Include="core\mesh.h">
      <Filter>Header Files\Core</Filter>
    </ClInclude>
    <ClInclude Include="core\model.h">
      <Filter>Header Files\Core</Filter>
    </ClInclude>
    <ClInclude Include="core\texture.h">
      <Filter>Header Files\Core</Filter>
    </ClInclude>
    <ClInclude Include="core\vertex.h">
      <Filter>Header Files\Core</Filter>
    </ClInclude>
    <ClInclude Include="Camera.h">
      <Filter>Header Files\Mine</Filter>
    </ClInclude>
    <ClInclude Include="Light.h">
      <Filter>Header Files\Mine</Filter>
    </ClInclude>
    <ClInclude Include="GameObject.h">
      <Filter>Header Files\Mine</Filter>
    </ClInclude>
    <ClInclude Include="Scene.h">
      <Filter>Header Files\Mine</Filter>
    </ClInclude>
    <ClInclude Include="SceneManager.h">
      <Filter>Header Files\Mine</Filter>
    </ClInclude>
    <ClInclude Include="PostProcessing.h">
      <Filter>Header Files\Mine</Filter>
    </ClInclude>
    <ClInclude Include="DefaultPrograms.h">
      <Filter>Header Files\Mine</Filter>
    </ClInclude>
  </ItemGroup>
  <ItemGroup>
    <None Include="shaders\fragment.fs">
      <Filter>Resource Files\Shaders</Filter>
    </None>
    <None Include="shaders\modelVertex.vs">
      <Filter>Resource Files\Shaders</Filter>
    </None>
    <None Include="shaders\texture.fs">
      <Filter>Resource Files\Shaders</Filter>
    </None>
    <None Include="shaders\vertex.vs">
      <Filter>Resource Files\Shaders</Filter>
    </None>
    <None Include="Light.vs">
      <Filter>Resource Files\Shaders\Mine</Filter>
    </None>
    <None Include="Light.fs">
      <Filter>Resource Files\Shaders\Mine</Filter>
    </None>
    <None Include="PostProcessing.vs">
      <Filter>Resource Files\Shaders\Mine</Filter>
    </None>
    <None Include="PostProcessing.fs">
      <Filter>Resource Files\Shaders\Mine</Filter>
    </None>
  </ItemGroup>
</Project>